
Microsoft Visual Studio Solution File, Format Version 11.00
# Visual Studio 2010
Project("{FAE04EC0-301F-11D3-BF4B-00C04F79EFBC}") = "CS.Web.UI", "WebCropImage\CS.Web.UI.csproj", "{291BC11E-B8B4-4638-A800-5E620F638425}"
EndProject
Project("{E24C65DC-7377-472B-9ABA-BC803B73C61A}") = "WebCropImage.UI", "WebSites\WebCropImage.UI\", "{E9644DBE-87FD-43B8-8497-784254844A83}"
	ProjectSection(WebsiteProperties) = preProject
		SccProjectName = ""
		SccAuxPath = ""
		SccLocalPath = ""
		SccProvider = ""
		TargetFrameworkMoniker = ".NETFramework,Version%3Dv2.0"
		ProjectReferences = "{291BC11E-B8B4-4638-A800-5E620F638425}|CS.Web.UI.CropImage.dll;"
		Debug.AspNetCompiler.VirtualPath = "/WebCropImage.UI"
		Debug.AspNetCompiler.PhysicalPath = "WebSites\WebCropImage.UI\"
		Debug.AspNetCompiler.TargetPath = "PrecompiledWeb\WebCropImage.UI\"
		Debug.AspNetCompiler.Updateable = "true"
		Debug.AspNetCompiler.ForceOverwrite = "true"
		Debug.AspNetCompiler.FixedNames = "true"
		Debug.AspNetCompiler.Debug = "True"
		Release.AspNetCompiler.VirtualPath = "/WebCropImage.UI"
		Release.AspNetCompiler.PhysicalPath = "WebSites\WebCropImage.UI\"
		Release.AspNetCompiler.TargetPath = "PrecompiledWeb\WebCropImage.UI\"
		Release.AspNetCompiler.Updateable = "true"
		Release.AspNetCompiler.ForceOverwrite = "true"
		Release.AspNetCompiler.FixedNames = "true"
		Release.AspNetCompiler.Debug = "False"
		VWDPort = "12058"
	EndProjectSection
EndProject
Global
	GlobalSection(SolutionConfigurationPlatforms) = preSolution
		Debug|Any CPU = Debug|Any CPU
		Release|Any CPU = Release|Any CPU
	EndGlobalSection
	GlobalSection(ProjectConfigurationPlatforms) = postSolution
		{291BC11E-B8B4-4638-A800-5E620F638425}.Debug|Any CPU.ActiveCfg = Debug|Any CPU
		{291BC11E-B8B4-4638-A800-5E620F638425}.Debug|Any CPU.Build.0 = Debug|Any CPU
		{291BC11E-B8B4-4638-A800-5E620F638425}.Release|Any CPU.ActiveCfg = Release|Any CPU
		{291BC11E-B8B4-4638-A800-5E620F638425}.Release|Any CPU.Build.0 = Release|Any CPU
		{E9644DBE-87FD-43B8-8497-784254844A83}.Debug|Any CPU.ActiveCfg = Debug|Any CPU
		{E9644DBE-87FD-43B8-8497-784254844A83}.Debug|Any CPU.Build.0 = Debug|Any CPU
		{E9644DBE-87FD-43B8-8497-784254844A83}.Release|Any CPU.ActiveCfg = Debug|Any CPU
		{E9644DBE-87FD-43B8-8497-784254844A83}.Release|Any CPU.Build.0 = Debug|Any CPU
	EndGlobalSection
	GlobalSection(SolutionProperties) = preSolution
		HideSolutionNode = FALSE
	EndGlobalSection
EndGlobal
